{
  "name": "@lexical/extension-vanilla-react-plugin-host",
  "version": "0.36.0",
  "lockfileVersion": 3,
  "requires": true,
  "packages": {
    "": {
      "name": "@lexical/extension-vanilla-react-plugin-host",
      "version": "0.36.0",
      "dependencies": {
        "@lexical/extension": "0.36.0",
        "@lexical/history": "0.36.0",
        "@lexical/list": "0.36.0",
        "@lexical/react": "0.36.0",
        "@lexical/rich-text": "0.36.0",
        "@lexical/tailwind": "0.36.0",
        "@lexical/utils": "0.36.0",
        "lexical": "0.36.0"
      },
      "devDependencies": {
        "@tailwindcss/vite": "^4.1.13",
        "cross-env": "^7.0.3",
        "rollup-plugin-copy": "^3.5.0",
        "tailwindcss": "^4.1.13",
        "typescript": "5.4.5",
        "vite": "^7.1.4",
        "vite-tsconfig-paths": "^5.1.4"
      }
    },
    "node_modules/@babel/runtime": {
      "version": "7.28.4",
      "license": "MIT",
      "engines": {
        "node": ">=6.9.0"
      }
    },
    "node_modules/@esbuild/darwin-arm64": {
      "version": "0.25.10",
      "cpu": [
        "arm64"
      ],
      "dev": true,
      "license": "MIT",
      "optional": true,
      "os": [
        "darwin"
      ],
      "engines": {
        "node": ">=18"
      }
    },
    "node_modules/@floating-ui/core": {
      "version": "1.7.3",
      "license": "MIT",
      "dependencies": {
        "@floating-ui/utils": "^0.2.10"
      }
    },
    "node_modules/@floating-ui/dom": {
      "version": "1.7.4",
      "license": "MIT",
      "dependencies": {
        "@floating-ui/core": "^1.7.3",
        "@floating-ui/utils": "^0.2.10"
      }
    },
    "node_modules/@floating-ui/react": {
      "version": "0.27.16",
      "license": "MIT",
      "dependencies": {
        "@floating-ui/react-dom": "^2.1.6",
        "@floating-ui/utils": "^0.2.10",
        "tabbable": "^6.0.0"
      },
      "peerDependencies": {
        "react": ">=17.0.0",
        "react-dom": ">=17.0.0"
      }
    },
    "node_modules/@floating-ui/react-dom": {
      "version": "2.1.6",
      "license": "MIT",
      "dependencies": {
        "@floating-ui/dom": "^1.7.4"
      },
      "peerDependencies": {
        "react": ">=16.8.0",
        "react-dom": ">=16.8.0"
      }
    },
    "node_modules/@floating-ui/utils": {
      "version": "0.2.10",
      "license": "MIT"
    },
    "node_modules/@isaacs/fs-minipass": {
      "version": "4.0.1",
      "dev": true,
      "license": "ISC",
      "dependencies": {
        "minipass": "^7.0.4"
      },
      "engines": {
        "node": ">=18.0.0"
      }
    },
    "node_modules/@jridgewell/gen-mapping": {
      "version": "0.3.13",
      "dev": true,
      "license": "MIT",
      "dependencies": {
        "@jridgewell/sourcemap-codec": "^1.5.0",
        "@jridgewell/trace-mapping": "^0.3.24"
      }
    },
    "node_modules/@jridgewell/remapping": {
      "version": "2.3.5",
      "dev": true,
      "license": "MIT",
      "dependencies": {
        "@jridgewell/gen-mapping": "^0.3.5",
        "@jridgewell/trace-mapping": "^0.3.24"
      }
    },
    "node_modules/@jridgewell/resolve-uri": {
      "version": "3.1.2",
      "dev": true,
      "license": "MIT",
      "engines": {
        "node": ">=6.0.0"
      }
    },
    "node_modules/@jridgewell/sourcemap-codec": {
      "version": "1.5.5",
      "dev": true,
      "license": "MIT"
    },
    "node_modules/@jridgewell/trace-mapping": {
      "version": "0.3.31",
      "dev": true,
      "license": "MIT",
      "dependencies": {
        "@jridgewell/resolve-uri": "^3.1.0",
        "@jridgewell/sourcemap-codec": "^1.4.14"
      }
    },
    "node_modules/@lexical/clipboard": {
      "version": "0.36.0",
      "resolved": "https://registry.npmjs.org/@lexical/clipboard/-/clipboard-0.36.0.tgz",
      "integrity": "sha512-pmQLuVBf3bzfnl+e6PqwjwX+FAtlZG+cWwVdBxw3zOs4Eec6ZCPbWtXwZ4a0O+PtjL4Eqron5qvB2TAtL0qtXA==",
      "license": "MIT",
      "dependencies": {
        "@lexical/html": "0.36.0",
        "@lexical/list": "0.36.0",
        "@lexical/selection": "0.36.0",
        "@lexical/utils": "0.36.0",
        "lexical": "0.36.0"
      }
    },
    "node_modules/@lexical/code": {
      "version": "0.36.0",
      "resolved": "https://registry.npmjs.org/@lexical/code/-/code-0.36.0.tgz",
      "integrity": "sha512-hgS3KH7hvnVL6ywcv7oDr0xAIaBKDIJzCW7cXOf1GoB6yFdaalMggIKbSdCiAkOPlfbix/bfsJFwPn7nm6n6dw==",
      "license": "MIT",
      "dependencies": {
        "@lexical/utils": "0.36.0",
        "lexical": "0.36.0",
        "prismjs": "^1.30.0"
      }
    },
    "node_modules/@lexical/devtools-core": {
      "version": "0.36.0",
      "resolved": "https://registry.npmjs.org/@lexical/devtools-core/-/devtools-core-0.36.0.tgz",
      "integrity": "sha512-sX59vW5/csiWfJQos8SV0ctzgFYY1Juj87qQoaJK0rwP2EEc1pwWLyqBPZdqukwwQuPswzs1ml5xEDnnNJNycQ==",
      "license": "MIT",
      "dependencies": {
        "@lexical/html": "0.36.0",
        "@lexical/link": "0.36.0",
        "@lexical/mark": "0.36.0",
        "@lexical/table": "0.36.0",
        "@lexical/utils": "0.36.0",
        "lexical": "0.36.0"
      },
      "peerDependencies": {
        "react": ">=17.x",
        "react-dom": ">=17.x"
      }
    },
    "node_modules/@lexical/dragon": {
      "version": "0.36.0",
      "resolved": "https://registry.npmjs.org/@lexical/dragon/-/dragon-0.36.0.tgz",
      "integrity": "sha512-I1R8HORGyiyzAUDi9Y0tUuCH1gUsupyuFiC3NkVdrC6gR03qnwPRS5c3W5nsIRUwcLRFFb3yHS7/zPuFkC5A/g==",
      "license": "MIT",
      "dependencies": {
        "@lexical/extension": "0.36.0",
        "lexical": "0.36.0"
      }
    },
    "node_modules/@lexical/extension": {
      "version": "0.36.0",
      "resolved": "https://registry.npmjs.org/@lexical/extension/-/extension-0.36.0.tgz",
      "integrity": "sha512-ccmygnsJIQ/u1fLat8ULwR+FW4mB3HKp5ZlzJahDRjWfoM71XgHhaEZtbf9L/HZMNMst87POZyPl8te9pVXgCQ==",
      "license": "MIT",
      "dependencies": {
        "@lexical/utils": "0.36.0",
        "@preact/signals-core": "^1.11.0",
        "lexical": "0.36.0"
      }
    },
    "node_modules/@lexical/hashtag": {
      "version": "0.36.0",
      "resolved": "https://registry.npmjs.org/@lexical/hashtag/-/hashtag-0.36.0.tgz",
      "integrity": "sha512-w1TyQy4MFQIyMyBl+6afyxYrz5haX+dHl6Q/VgjxjlTQWpb+ftmx7aWwlCdJdP91kUISx7R+Ti47pOKYAN/rLQ==",
      "license": "MIT",
      "dependencies": {
        "@lexical/text": "0.36.0",
        "@lexical/utils": "0.36.0",
        "lexical": "0.36.0"
      }
    },
    "node_modules/@lexical/history": {
      "version": "0.36.0",
      "resolved": "https://registry.npmjs.org/@lexical/history/-/history-0.36.0.tgz",
      "integrity": "sha512-bY2AukJ59l7Yp+va8xS3fNmHmZNI72m2sDqtKw7HAl8BdvPw5Tu3XabqMOVBApM9kz5t0oO0RXWzJcL1suZP+Q==",
      "license": "MIT",
      "dependencies": {
        "@lexical/extension": "0.36.0",
        "@lexical/utils": "0.36.0",
        "lexical": "0.36.0"
      }
    },
    "node_modules/@lexical/html": {
      "version": "0.36.0",
      "resolved": "https://registry.npmjs.org/@lexical/html/-/html-0.36.0.tgz",
      "integrity": "sha512-3vHn91r2fTek4UHsJyZ2ePjfh90McErsXuyJX/hU+q+KnzQRXKyZi8PkX1qNZfannfnUwq93TV4/qp/QQ2CEzg==",
      "license": "MIT",
      "dependencies": {
        "@lexical/selection": "0.36.0",
        "@lexical/utils": "0.36.0",
        "lexical": "0.36.0"
      }
    },
    "node_modules/@lexical/link": {
      "version": "0.36.0",
      "resolved": "https://registry.npmjs.org/@lexical/link/-/link-0.36.0.tgz",
      "integrity": "sha512-WG9UgPsVbbCsfNckXXp9OnnhEq3T9UAzpYHEOqwUdtXGTUDREHx2owcE1FDtG5KSbdg6QLP7Bc533v1oW77WVg==",
      "license": "MIT",
      "dependencies": {
        "@lexical/extension": "0.36.0",
        "@lexical/utils": "0.36.0",
        "lexical": "0.36.0"
      }
    },
    "node_modules/@lexical/list": {
      "version": "0.36.0",
      "resolved": "https://registry.npmjs.org/@lexical/list/-/list-0.36.0.tgz",
      "integrity": "sha512-0gcXRLmNPfS5FdGRUS0xpHPvuLp7HaCXnd4lZ8SpaFsjsE9fjju8iOGmUmHfy/KthLQk5zKG9DHU0DAGNyrikg==",
      "license": "MIT",
      "dependencies": {
        "@lexical/extension": "0.36.0",
        "@lexical/selection": "0.36.0",
        "@lexical/utils": "0.36.0",
        "lexical": "0.36.0"
      }
    },
    "node_modules/@lexical/mark": {
      "version": "0.36.0",
      "resolved": "https://registry.npmjs.org/@lexical/mark/-/mark-0.36.0.tgz",
      "integrity": "sha512-HerD1La/3zxmZ0EE8XejMJLyKiVKnNMFk1p/mDqhHCrF9IKhiNqj6J51Brovnbsm36hkeD697H4f3fGn8o1kUA==",
      "license": "MIT",
      "dependencies": {
        "@lexical/utils": "0.36.0",
        "lexical": "0.36.0"
      }
    },
    "node_modules/@lexical/markdown": {
      "version": "0.36.0",
      "resolved": "https://registry.npmjs.org/@lexical/markdown/-/markdown-0.36.0.tgz",
      "integrity": "sha512-YKBg7ZayWfGI+raDkt7idKO0vnn431sCMR3GB1op5BRDLEnLKN3r8YpIt04hUtFlu8nqOvyZAJkypIPE5n1cwQ==",
      "license": "MIT",
      "dependencies": {
        "@lexical/code": "0.36.0",
        "@lexical/link": "0.36.0",
        "@lexical/list": "0.36.0",
        "@lexical/rich-text": "0.36.0",
        "@lexical/text": "0.36.0",
        "@lexical/utils": "0.36.0",
        "lexical": "0.36.0"
      }
    },
    "node_modules/@lexical/offset": {
      "version": "0.36.0",
      "resolved": "https://registry.npmjs.org/@lexical/offset/-/offset-0.36.0.tgz",
      "integrity": "sha512-/aRMavorGJ4HM+s6OJUCtrSV6n0MZ+0mU1Ljt2EqK+MuzDniDEhnfI/T8c5Zr0mEQB5ggfwLxcYgK2z82IZNGA==",
      "license": "MIT",
      "dependencies": {
        "lexical": "0.36.0"
      }
    },
    "node_modules/@lexical/overflow": {
      "version": "0.36.0",
      "resolved": "https://registry.npmjs.org/@lexical/overflow/-/overflow-0.36.0.tgz",
      "integrity": "sha512-lNfG/EMUdnFJx+KtPQGH3ww5QEmW/s13P6AF3iBm3c7NCpETzswORn8F01OrlMPYB3tjD5vSjXdCgVg3AyYwlw==",
      "license": "MIT",
      "dependencies": {
        "lexical": "0.36.0"
      }
    },
    "node_modules/@lexical/plain-text": {
      "version": "0.36.0",
      "resolved": "https://registry.npmjs.org/@lexical/plain-text/-/plain-text-0.36.0.tgz",
      "integrity": "sha512-gHFhWLx+CgbdImo1IZojvsbST53ZBI2JyhviZOZKv/j85IQIGGJZvgha64TCJkxn6EL3/mPFKtOvuRynil53Ww==",
      "license": "MIT",
      "dependencies": {
        "@lexical/clipboard": "0.36.0",
        "@lexical/dragon": "0.36.0",
        "@lexical/selection": "0.36.0",
        "@lexical/utils": "0.36.0",
        "lexical": "0.36.0"
      }
    },
    "node_modules/@lexical/react": {
      "version": "0.36.0",
      "resolved": "https://registry.npmjs.org/@lexical/react/-/react-0.36.0.tgz",
      "integrity": "sha512-SQbRTaThgPQd0ggJrb9xmKuzruokNlqBAdGj6rcV6y2m6SzZg+03Qbl9zfPyLY2JssxObLH4gV1qKj/LA2Pv+w==",
      "license": "MIT",
      "dependencies": {
        "@floating-ui/react": "^0.27.16",
        "@lexical/devtools-core": "0.36.0",
        "@lexical/dragon": "0.36.0",
        "@lexical/extension": "0.36.0",
        "@lexical/hashtag": "0.36.0",
        "@lexical/history": "0.36.0",
        "@lexical/link": "0.36.0",
        "@lexical/list": "0.36.0",
        "@lexical/mark": "0.36.0",
        "@lexical/markdown": "0.36.0",
        "@lexical/overflow": "0.36.0",
        "@lexical/plain-text": "0.36.0",
        "@lexical/rich-text": "0.36.0",
        "@lexical/table": "0.36.0",
        "@lexical/text": "0.36.0",
        "@lexical/utils": "0.36.0",
        "@lexical/yjs": "0.36.0",
        "lexical": "0.36.0",
        "react-error-boundary": "^6.0.0"
      },
      "peerDependencies": {
        "react": ">=17.x",
        "react-dom": ">=17.x"
      }
    },
    "node_modules/@lexical/rich-text": {
      "version": "0.36.0",
      "resolved": "https://registry.npmjs.org/@lexical/rich-text/-/rich-text-0.36.0.tgz",
      "integrity": "sha512-rHy2bc4i0Dl5nJDHPgrQSq523o4DrxUfn+i7V6maF1YqUmayjnhjZ5yQhtPiKKIuGsHtM90XWWBXmSq1x0v45w==",
      "license": "MIT",
      "dependencies": {
        "@lexical/clipboard": "0.36.0",
        "@lexical/dragon": "0.36.0",
        "@lexical/selection": "0.36.0",
        "@lexical/utils": "0.36.0",
        "lexical": "0.36.0"
      }
    },
    "node_modules/@lexical/selection": {
      "version": "0.36.0",
      "resolved": "https://registry.npmjs.org/@lexical/selection/-/selection-0.36.0.tgz",
      "integrity": "sha512-vR/uWqmj3M/FMDgILLT5HFcQpeenqwwbJnWEfERSytWWJOE16EEEBESg8n9OistvujCEmrWSpo64GWGIEEd13g==",
      "license": "MIT",
      "dependencies": {
        "lexical": "0.36.0"
      }
    },
    "node_modules/@lexical/table": {
      "version": "0.36.0",
      "resolved": "https://registry.npmjs.org/@lexical/table/-/table-0.36.0.tgz",
      "integrity": "sha512-/fveRVQxHx9UcL6wXFHI4q2LO2ouigLT/l4Qa5RcT6dXU8ht1shvI/2YB8pOMKx8SV4uu4kiEeupdYAWVd3mZQ==",
      "license": "MIT",
      "dependencies": {
        "@lexical/clipboard": "0.36.0",
        "@lexical/extension": "0.36.0",
        "@lexical/utils": "0.36.0",
        "lexical": "0.36.0"
      }
    },
    "node_modules/@lexical/tailwind": {
      "version": "0.36.0",
      "resolved": "https://registry.npmjs.org/@lexical/tailwind/-/tailwind-0.36.0.tgz",
      "integrity": "sha512-PwR8sUqbPl1kOnyfmukrA4au/Bj90WiSCdrnGSlItqPWgbib6WMKjCsADvGd73sKibf0U6MrKmTD5qJcEamt2w==",
      "license": "MIT",
      "dependencies": {
        "@lexical/extension": "0.36.0",
        "lexical": "0.36.0"
      }
    },
    "node_modules/@lexical/text": {
      "version": "0.36.0",
      "resolved": "https://registry.npmjs.org/@lexical/text/-/text-0.36.0.tgz",
      "integrity": "sha512-Lqu8py5mfCYc41g2HRMWXSAer2fycenU0SyjOBD2mYArZ4LCfJeawej4yYLW3tYSx3eck0aOUp6PazTQjB/1vQ==",
      "license": "MIT",
      "dependencies": {
        "lexical": "0.36.0"
      }
    },
    "node_modules/@lexical/utils": {
      "version": "0.36.0",
      "resolved": "https://registry.npmjs.org/@lexical/utils/-/utils-0.36.0.tgz",
      "integrity": "sha512-qKaeIpoN9lIR5LnDxgmNsPkVSrJ7K3u64PluxI6KWNpSpVDz11voQLX/+vXBeEEmj1UKVzqL1P/EChsYDl9qcg==",
      "license": "MIT",
      "dependencies": {
        "@lexical/list": "0.36.0",
        "@lexical/selection": "0.36.0",
        "@lexical/table": "0.36.0",
        "lexical": "0.36.0"
      }
    },
    "node_modules/@lexical/yjs": {
      "version": "0.36.0",
      "resolved": "https://registry.npmjs.org/@lexical/yjs/-/yjs-0.36.0.tgz",
      "integrity": "sha512-KLvpP+60Dou6c3xjDwYjo1b/m3d+v7d1kTE1N9FfrjJS6qVPoWBrV7/k4mB1J3+1+2ZGguKXtk/aRHCJf21Ofg==",
      "license": "MIT",
      "dependencies": {
        "@lexical/offset": "0.36.0",
        "@lexical/selection": "0.36.0",
        "lexical": "0.36.0"
      },
      "peerDependencies": {
        "yjs": ">=13.5.22"
      }
    },
    "node_modules/@nodelib/fs.scandir": {
      "version": "2.1.5",
      "dev": true,
      "license": "MIT",
      "dependencies": {
        "@nodelib/fs.stat": "2.0.5",
        "run-parallel": "^1.1.9"
      },
      "engines": {
        "node": ">= 8"
      }
    },
    "node_modules/@nodelib/fs.stat": {
      "version": "2.0.5",
      "dev": true,
      "license": "MIT",
      "engines": {
        "node": ">= 8"
      }
    },
    "node_modules/@nodelib/fs.walk": {
      "version": "1.2.8",
      "dev": true,
      "license": "MIT",
      "dependencies": {
        "@nodelib/fs.scandir": "2.1.5",
        "fastq": "^1.6.0"
      },
      "engines": {
        "node": ">= 8"
      }
    },
    "node_modules/@preact/signals-core": {
      "version": "1.12.1",
      "license": "MIT",
      "funding": {
        "type": "opencollective",
        "url": "https://opencollective.com/preact"
      }
    },
    "node_modules/@rollup/rollup-darwin-arm64": {
      "version": "4.52.0",
      "cpu": [
        "arm64"
      ],
      "dev": true,
      "license": "MIT",
      "optional": true,
      "os": [
        "darwin"
      ]
    },
    "node_modules/@tailwindcss/node": {
      "version": "4.1.13",
      "dev": true,
      "license": "MIT",
      "dependencies": {
        "@jridgewell/remapping": "^2.3.4",
        "enhanced-resolve": "^5.18.3",
        "jiti": "^2.5.1",
        "lightningcss": "1.30.1",
        "magic-string": "^0.30.18",
        "source-map-js": "^1.2.1",
        "tailwindcss": "4.1.13"
      }
    },
    "node_modules/@tailwindcss/oxide": {
      "version": "4.1.13",
      "dev": true,
      "hasInstallScript": true,
      "license": "MIT",
      "dependencies": {
        "detect-libc": "^2.0.4",
        "tar": "^7.4.3"
      },
      "engines": {
        "node": ">= 10"
      },
      "optionalDependencies": {
        "@tailwindcss/oxide-android-arm64": "4.1.13",
        "@tailwindcss/oxide-darwin-arm64": "4.1.13",
        "@tailwindcss/oxide-darwin-x64": "4.1.13",
        "@tailwindcss/oxide-freebsd-x64": "4.1.13",
        "@tailwindcss/oxide-linux-arm-gnueabihf": "4.1.13",
        "@tailwindcss/oxide-linux-arm64-gnu": "4.1.13",
        "@tailwindcss/oxide-linux-arm64-musl": "4.1.13",
        "@tailwindcss/oxide-linux-x64-gnu": "4.1.13",
        "@tailwindcss/oxide-linux-x64-musl": "4.1.13",
        "@tailwindcss/oxide-wasm32-wasi": "4.1.13",
        "@tailwindcss/oxide-win32-arm64-msvc": "4.1.13",
        "@tailwindcss/oxide-win32-x64-msvc": "4.1.13"
      }
    },
    "node_modules/@tailwindcss/oxide-darwin-arm64": {
      "version": "4.1.13",
      "cpu": [
        "arm64"
      ],
      "dev": true,
      "license": "MIT",
      "optional": true,
      "os": [
        "darwin"
      ],
      "engines": {
        "node": ">= 10"
      }
    },
    "node_modules/@tailwindcss/vite": {
      "version": "4.1.13",
      "dev": true,
      "license": "MIT",
      "dependencies": {
        "@tailwindcss/node": "4.1.13",
        "@tailwindcss/oxide": "4.1.13",
        "tailwindcss": "4.1.13"
      },
      "peerDependencies": {
        "vite": "^5.2.0 || ^6 || ^7"
      }
    },
    "node_modules/@types/estree": {
      "version": "1.0.8",
      "dev": true,
      "license": "MIT"
    },
    "node_modules/@types/fs-extra": {
      "version": "8.1.5",
      "dev": true,
      "license": "MIT",
      "dependencies": {
        "@types/node": "*"
      }
    },
    "node_modules/@types/glob": {
      "version": "7.2.0",
      "dev": true,
      "license": "MIT",
      "dependencies": {
        "@types/minimatch": "*",
        "@types/node": "*"
      }
    },
    "node_modules/@types/minimatch": {
      "version": "5.1.2",
      "dev": true,
      "license": "MIT"
    },
    "node_modules/@types/node": {
      "version": "24.5.2",
      "dev": true,
      "license": "MIT",
      "dependencies": {
        "undici-types": "~7.12.0"
      }
    },
    "node_modules/array-union": {
      "version": "2.1.0",
      "dev": true,
      "license": "MIT",
      "engines": {
        "node": ">=8"
      }
    },
    "node_modules/balanced-match": {
      "version": "1.0.2",
      "dev": true,
      "license": "MIT"
    },
    "node_modules/brace-expansion": {
      "version": "1.1.12",
      "dev": true,
      "license": "MIT",
      "dependencies": {
        "balanced-match": "^1.0.0",
        "concat-map": "0.0.1"
      }
    },
    "node_modules/braces": {
      "version": "3.0.3",
      "dev": true,
      "license": "MIT",
      "dependencies": {
        "fill-range": "^7.1.1"
      },
      "engines": {
        "node": ">=8"
      }
    },
    "node_modules/chownr": {
      "version": "3.0.0",
      "dev": true,
      "license": "BlueOak-1.0.0",
      "engines": {
        "node": ">=18"
      }
    },
    "node_modules/colorette": {
      "version": "1.4.0",
      "dev": true,
      "license": "MIT"
    },
    "node_modules/concat-map": {
      "version": "0.0.1",
      "dev": true,
      "license": "MIT"
    },
    "node_modules/cross-env": {
      "version": "7.0.3",
      "dev": true,
      "license": "MIT",
      "dependencies": {
        "cross-spawn": "^7.0.1"
      },
      "bin": {
        "cross-env": "src/bin/cross-env.js",
        "cross-env-shell": "src/bin/cross-env-shell.js"
      },
      "engines": {
        "node": ">=10.14",
        "npm": ">=6",
        "yarn": ">=1"
      }
    },
    "node_modules/cross-spawn": {
      "version": "7.0.6",
      "dev": true,
      "license": "MIT",
      "dependencies": {
        "path-key": "^3.1.0",
        "shebang-command": "^2.0.0",
        "which": "^2.0.1"
      },
      "engines": {
        "node": ">= 8"
      }
    },
    "node_modules/debug": {
      "version": "4.4.3",
      "dev": true,
      "license": "MIT",
      "dependencies": {
        "ms": "^2.1.3"
      },
      "engines": {
        "node": ">=6.0"
      },
      "peerDependenciesMeta": {
        "supports-color": {
          "optional": true
        }
      }
    },
    "node_modules/detect-libc": {
      "version": "2.1.0",
      "dev": true,
      "license": "Apache-2.0",
      "engines": {
        "node": ">=8"
      }
    },
    "node_modules/dir-glob": {
      "version": "3.0.1",
      "dev": true,
      "license": "MIT",
      "dependencies": {
        "path-type": "^4.0.0"
      },
      "engines": {
        "node": ">=8"
      }
    },
    "node_modules/enhanced-resolve": {
      "version": "5.18.3",
      "dev": true,
      "license": "MIT",
      "dependencies": {
        "graceful-fs": "^4.2.4",
        "tapable": "^2.2.0"
      },
      "engines": {
        "node": ">=10.13.0"
      }
    },
    "node_modules/esbuild": {
      "version": "0.25.10",
      "dev": true,
      "hasInstallScript": true,
      "license": "MIT",
      "bin": {
        "esbuild": "bin/esbuild"
      },
      "engines": {
        "node": ">=18"
      },
      "optionalDependencies": {
        "@esbuild/aix-ppc64": "0.25.10",
        "@esbuild/android-arm": "0.25.10",
        "@esbuild/android-arm64": "0.25.10",
        "@esbuild/android-x64": "0.25.10",
        "@esbuild/darwin-arm64": "0.25.10",
        "@esbuild/darwin-x64": "0.25.10",
        "@esbuild/freebsd-arm64": "0.25.10",
        "@esbuild/freebsd-x64": "0.25.10",
        "@esbuild/linux-arm": "0.25.10",
        "@esbuild/linux-arm64": "0.25.10",
        "@esbuild/linux-ia32": "0.25.10",
        "@esbuild/linux-loong64": "0.25.10",
        "@esbuild/linux-mips64el": "0.25.10",
        "@esbuild/linux-ppc64": "0.25.10",
        "@esbuild/linux-riscv64": "0.25.10",
        "@esbuild/linux-s390x": "0.25.10",
        "@esbuild/linux-x64": "0.25.10",
        "@esbuild/netbsd-arm64": "0.25.10",
        "@esbuild/netbsd-x64": "0.25.10",
        "@esbuild/openbsd-arm64": "0.25.10",
        "@esbuild/openbsd-x64": "0.25.10",
        "@esbuild/openharmony-arm64": "0.25.10",
        "@esbuild/sunos-x64": "0.25.10",
        "@esbuild/win32-arm64": "0.25.10",
        "@esbuild/win32-ia32": "0.25.10",
        "@esbuild/win32-x64": "0.25.10"
      }
    },
    "node_modules/fast-glob": {
      "version": "3.3.3",
      "dev": true,
      "license": "MIT",
      "dependencies": {
        "@nodelib/fs.stat": "^2.0.2",
        "@nodelib/fs.walk": "^1.2.3",
        "glob-parent": "^5.1.2",
        "merge2": "^1.3.0",
        "micromatch": "^4.0.8"
      },
      "engines": {
        "node": ">=8.6.0"
      }
    },
    "node_modules/fastq": {
      "version": "1.19.1",
      "dev": true,
      "license": "ISC",
      "dependencies": {
        "reusify": "^1.0.4"
      }
    },
    "node_modules/fdir": {
      "version": "6.5.0",
      "dev": true,
      "license": "MIT",
      "engines": {
        "node": ">=12.0.0"
      },
      "peerDependencies": {
        "picomatch": "^3 || ^4"
      },
      "peerDependenciesMeta": {
        "picomatch": {
          "optional": true
        }
      }
    },
    "node_modules/fill-range": {
      "version": "7.1.1",
      "dev": true,
      "license": "MIT",
      "dependencies": {
        "to-regex-range": "^5.0.1"
      },
      "engines": {
        "node": ">=8"
      }
    },
    "node_modules/fs-extra": {
      "version": "8.1.0",
      "dev": true,
      "license": "MIT",
      "dependencies": {
        "graceful-fs": "^4.2.0",
        "jsonfile": "^4.0.0",
        "universalify": "^0.1.0"
      },
      "engines": {
        "node": ">=6 <7 || >=8"
      }
    },
    "node_modules/fs.realpath": {
      "version": "1.0.0",
      "dev": true,
      "license": "ISC"
    },
    "node_modules/glob": {
      "version": "7.2.3",
      "dev": true,
      "license": "ISC",
      "dependencies": {
        "fs.realpath": "^1.0.0",
        "inflight": "^1.0.4",
        "inherits": "2",
        "minimatch": "^3.1.1",
        "once": "^1.3.0",
        "path-is-absolute": "^1.0.0"
      },
      "engines": {
        "node": "*"
      },
      "funding": {
        "url": "https://github.com/sponsors/isaacs"
      }
    },
    "node_modules/glob-parent": {
      "version": "5.1.2",
      "dev": true,
      "license": "ISC",
      "dependencies": {
        "is-glob": "^4.0.1"
      },
      "engines": {
        "node": ">= 6"
      }
    },
    "node_modules/globby": {
      "version": "10.0.1",
      "dev": true,
      "license": "MIT",
      "dependencies": {
        "@types/glob": "^7.1.1",
        "array-union": "^2.1.0",
        "dir-glob": "^3.0.1",
        "fast-glob": "^3.0.3",
        "glob": "^7.1.3",
        "ignore": "^5.1.1",
        "merge2": "^1.2.3",
        "slash": "^3.0.0"
      },
      "engines": {
        "node": ">=8"
      }
    },
    "node_modules/globrex": {
      "version": "0.1.2",
      "dev": true,
      "license": "MIT"
    },
    "node_modules/graceful-fs": {
      "version": "4.2.11",
      "dev": true,
      "license": "ISC"
    },
    "node_modules/ignore": {
      "version": "5.3.2",
      "dev": true,
      "license": "MIT",
      "engines": {
        "node": ">= 4"
      }
    },
    "node_modules/inflight": {
      "version": "1.0.6",
      "dev": true,
      "license": "ISC",
      "dependencies": {
        "once": "^1.3.0",
        "wrappy": "1"
      }
    },
    "node_modules/inherits": {
      "version": "2.0.4",
      "dev": true,
      "license": "ISC"
    },
    "node_modules/is-extglob": {
      "version": "2.1.1",
      "dev": true,
      "license": "MIT",
      "engines": {
        "node": ">=0.10.0"
      }
    },
    "node_modules/is-glob": {
      "version": "4.0.3",
      "dev": true,
      "license": "MIT",
      "dependencies": {
        "is-extglob": "^2.1.1"
      },
      "engines": {
        "node": ">=0.10.0"
      }
    },
    "node_modules/is-number": {
      "version": "7.0.0",
      "dev": true,
      "license": "MIT",
      "engines": {
        "node": ">=0.12.0"
      }
    },
    "node_modules/is-plain-object": {
      "version": "3.0.1",
      "dev": true,
      "license": "MIT",
      "engines": {
        "node": ">=0.10.0"
      }
    },
    "node_modules/isexe": {
      "version": "2.0.0",
      "dev": true,
      "license": "ISC"
    },
    "node_modules/jiti": {
      "version": "2.5.1",
      "dev": true,
      "license": "MIT",
      "bin": {
        "jiti": "lib/jiti-cli.mjs"
      }
    },
    "node_modules/jsonfile": {
      "version": "4.0.0",
      "dev": true,
      "license": "MIT",
      "optionalDependencies": {
        "graceful-fs": "^4.1.6"
      }
    },
    "node_modules/lexical": {
      "version": "0.36.0",
      "resolved": "https://registry.npmjs.org/lexical/-/lexical-0.36.0.tgz",
      "integrity": "sha512-exAJfRimJCbUSGMerG03hfsfCI4+35VDllvOTI7KvbNa6uq2K8Ec9zF1ELOR7P1SqR9PXrzzMn7xRTBOaac5XA==",
      "license": "MIT"
    },
    "node_modules/lightningcss": {
      "version": "1.30.1",
      "dev": true,
      "license": "MPL-2.0",
      "dependencies": {
        "detect-libc": "^2.0.3"
      },
      "engines": {
        "node": ">= 12.0.0"
      },
      "funding": {
        "type": "opencollective",
        "url": "https://opencollective.com/parcel"
      },
      "optionalDependencies": {
        "lightningcss-darwin-arm64": "1.30.1",
        "lightningcss-darwin-x64": "1.30.1",
        "lightningcss-freebsd-x64": "1.30.1",
        "lightningcss-linux-arm-gnueabihf": "1.30.1",
        "lightningcss-linux-arm64-gnu": "1.30.1",
        "lightningcss-linux-arm64-musl": "1.30.1",
        "lightningcss-linux-x64-gnu": "1.30.1",
        "lightningcss-linux-x64-musl": "1.30.1",
        "lightningcss-win32-arm64-msvc": "1.30.1",
        "lightningcss-win32-x64-msvc": "1.30.1"
      }
    },
    "node_modules/lightningcss-darwin-arm64": {
      "version": "1.30.1",
      "cpu": [
        "arm64"
      ],
      "dev": true,
      "license": "MPL-2.0",
      "optional": true,
      "os": [
        "darwin"
      ],
      "engines": {
        "node": ">= 12.0.0"
      },
      "funding": {
        "type": "opencollective",
        "url": "https://opencollective.com/parcel"
      }
    },
    "node_modules/magic-string": {
      "version": "0.30.19",
      "dev": true,
      "license": "MIT",
      "dependencies": {
        "@jridgewell/sourcemap-codec": "^1.5.5"
      }
    },
    "node_modules/merge2": {
      "version": "1.4.1",
      "dev": true,
      "license": "MIT",
      "engines": {
        "node": ">= 8"
      }
    },
    "node_modules/micromatch": {
      "version": "4.0.8",
      "dev": true,
      "license": "MIT",
      "dependencies": {
        "braces": "^3.0.3",
        "picomatch": "^2.3.1"
      },
      "engines": {
        "node": ">=8.6"
      }
    },
    "node_modules/minimatch": {
      "version": "3.1.2",
      "dev": true,
      "license": "ISC",
      "dependencies": {
        "brace-expansion": "^1.1.7"
      },
      "engines": {
        "node": "*"
      }
    },
    "node_modules/minipass": {
      "version": "7.1.2",
      "dev": true,
      "license": "ISC",
      "engines": {
        "node": ">=16 || 14 >=14.17"
      }
    },
    "node_modules/minizlib": {
      "version": "3.0.2",
      "dev": true,
      "license": "MIT",
      "dependencies": {
        "minipass": "^7.1.2"
      },
      "engines": {
        "node": ">= 18"
      }
    },
    "node_modules/mkdirp": {
      "version": "3.0.1",
      "dev": true,
      "license": "MIT",
      "bin": {
        "mkdirp": "dist/cjs/src/bin.js"
      },
      "engines": {
        "node": ">=10"
      },
      "funding": {
        "url": "https://github.com/sponsors/isaacs"
      }
    },
    "node_modules/ms": {
      "version": "2.1.3",
      "dev": true,
      "license": "MIT"
    },
    "node_modules/nanoid": {
      "version": "3.3.11",
      "dev": true,
      "funding": [
        {
          "type": "github",
          "url": "https://github.com/sponsors/ai"
        }
      ],
      "license": "MIT",
      "bin": {
        "nanoid": "bin/nanoid.cjs"
      },
      "engines": {
        "node": "^10 || ^12 || ^13.7 || ^14 || >=15.0.1"
      }
    },
    "node_modules/once": {
      "version": "1.4.0",
      "dev": true,
      "license": "ISC",
      "dependencies": {
        "wrappy": "1"
      }
    },
    "node_modules/path-is-absolute": {
      "version": "1.0.1",
      "dev": true,
      "license": "MIT",
      "engines": {
        "node": ">=0.10.0"
      }
    },
    "node_modules/path-key": {
      "version": "3.1.1",
      "dev": true,
      "license": "MIT",
      "engines": {
        "node": ">=8"
      }
    },
    "node_modules/path-type": {
      "version": "4.0.0",
      "dev": true,
      "license": "MIT",
      "engines": {
        "node": ">=8"
      }
    },
    "node_modules/picocolors": {
      "version": "1.1.1",
      "dev": true,
      "license": "ISC"
    },
    "node_modules/picomatch": {
      "version": "2.3.1",
      "dev": true,
      "license": "MIT",
      "engines": {
        "node": ">=8.6"
      },
      "funding": {
        "url": "https://github.com/sponsors/jonschlinkert"
      }
    },
    "node_modules/postcss": {
      "version": "8.5.6",
      "dev": true,
      "funding": [
        {
          "type": "opencollective",
          "url": "https://opencollective.com/postcss/"
        },
        {
          "type": "tidelift",
          "url": "https://tidelift.com/funding/github/npm/postcss"
        },
        {
          "type": "github",
          "url": "https://github.com/sponsors/ai"
        }
      ],
      "license": "MIT",
      "dependencies": {
        "nanoid": "^3.3.11",
        "picocolors": "^1.1.1",
        "source-map-js": "^1.2.1"
      },
      "engines": {
        "node": "^10 || ^12 || >=14"
      }
    },
    "node_modules/prismjs": {
      "version": "1.30.0",
      "resolved": "https://registry.npmjs.org/prismjs/-/prismjs-1.30.0.tgz",
      "integrity": "sha512-DEvV2ZF2r2/63V+tK8hQvrR2ZGn10srHbXviTlcv7Kpzw8jWiNTqbVgjO3IY8RxrrOUF8VPMQQFysYYYv0YZxw==",
      "license": "MIT",
      "engines": {
        "node": ">=6"
      }
    },
    "node_modules/queue-microtask": {
      "version": "1.2.3",
      "dev": true,
      "funding": [
        {
          "type": "github",
          "url": "https://github.com/sponsors/feross"
        },
        {
          "type": "patreon",
          "url": "https://www.patreon.com/feross"
        },
        {
          "type": "consulting",
          "url": "https://feross.org/support"
        }
      ],
      "license": "MIT"
    },
    "node_modules/react-error-boundary": {
      "version": "6.0.0",
      "license": "MIT",
      "dependencies": {
        "@babel/runtime": "^7.12.5"
      },
      "peerDependencies": {
        "react": ">=16.13.1"
      }
    },
    "node_modules/reusify": {
      "version": "1.1.0",
      "dev": true,
      "license": "MIT",
      "engines": {
        "iojs": ">=1.0.0",
        "node": ">=0.10.0"
      }
    },
    "node_modules/rollup": {
      "version": "4.52.0",
      "dev": true,
      "license": "MIT",
      "dependencies": {
        "@types/estree": "1.0.8"
      },
      "bin": {
        "rollup": "dist/bin/rollup"
      },
      "engines": {
        "node": ">=18.0.0",
        "npm": ">=8.0.0"
      },
      "optionalDependencies": {
        "@rollup/rollup-android-arm-eabi": "4.52.0",
        "@rollup/rollup-android-arm64": "4.52.0",
        "@rollup/rollup-darwin-arm64": "4.52.0",
        "@rollup/rollup-darwin-x64": "4.52.0",
        "@rollup/rollup-freebsd-arm64": "4.52.0",
        "@rollup/rollup-freebsd-x64": "4.52.0",
        "@rollup/rollup-linux-arm-gnueabihf": "4.52.0",
        "@rollup/rollup-linux-arm-musleabihf": "4.52.0",
        "@rollup/rollup-linux-arm64-gnu": "4.52.0",
        "@rollup/rollup-linux-arm64-musl": "4.52.0",
        "@rollup/rollup-linux-loong64-gnu": "4.52.0",
        "@rollup/rollup-linux-ppc64-gnu": "4.52.0",
        "@rollup/rollup-linux-riscv64-gnu": "4.52.0",
        "@rollup/rollup-linux-riscv64-musl": "4.52.0",
        "@rollup/rollup-linux-s390x-gnu": "4.52.0",
        "@rollup/rollup-linux-x64-gnu": "4.52.0",
        "@rollup/rollup-linux-x64-musl": "4.52.0",
        "@rollup/rollup-openharmony-arm64": "4.52.0",
        "@rollup/rollup-win32-arm64-msvc": "4.52.0",
        "@rollup/rollup-win32-ia32-msvc": "4.52.0",
        "@rollup/rollup-win32-x64-gnu": "4.52.0",
        "@rollup/rollup-win32-x64-msvc": "4.52.0",
        "fsevents": "~2.3.2"
      }
    },
    "node_modules/rollup-plugin-copy": {
      "version": "3.5.0",
      "dev": true,
      "license": "MIT",
      "dependencies": {
        "@types/fs-extra": "^8.0.1",
        "colorette": "^1.1.0",
        "fs-extra": "^8.1.0",
        "globby": "10.0.1",
        "is-plain-object": "^3.0.0"
      },
      "engines": {
        "node": ">=8.3"
      }
    },
    "node_modules/run-parallel": {
      "version": "1.2.0",
      "dev": true,
      "funding": [
        {
          "type": "github",
          "url": "https://github.com/sponsors/feross"
        },
        {
          "type": "patreon",
          "url": "https://www.patreon.com/feross"
        },
        {
          "type": "consulting",
          "url": "https://feross.org/support"
        }
      ],
      "license": "MIT",
      "dependencies": {
        "queue-microtask": "^1.2.2"
      }
    },
    "node_modules/shebang-command": {
      "version": "2.0.0",
      "dev": true,
      "license": "MIT",
      "dependencies": {
        "shebang-regex": "^3.0.0"
      },
      "engines": {
        "node": ">=8"
      }
    },
    "node_modules/shebang-regex": {
      "version": "3.0.0",
      "dev": true,
      "license": "MIT",
      "engines": {
        "node": ">=8"
      }
    },
    "node_modules/slash": {
      "version": "3.0.0",
      "dev": true,
      "license": "MIT",
      "engines": {
        "node": ">=8"
      }
    },
    "node_modules/source-map-js": {
      "version": "1.2.1",
      "dev": true,
      "license": "BSD-3-Clause",
      "engines": {
        "node": ">=0.10.0"
      }
    },
    "node_modules/tabbable": {
      "version": "6.2.0",
      "license": "MIT"
    },
    "node_modules/tailwindcss": {
      "version": "4.1.13",
      "dev": true,
      "license": "MIT"
    },
    "node_modules/tapable": {
      "version": "2.2.3",
      "dev": true,
      "license": "MIT",
      "engines": {
        "node": ">=6"
      },
      "funding": {
        "type": "opencollective",
        "url": "https://opencollective.com/webpack"
      }
    },
    "node_modules/tar": {
      "version": "7.4.3",
      "dev": true,
      "license": "ISC",
      "dependencies": {
        "@isaacs/fs-minipass": "^4.0.0",
        "chownr": "^3.0.0",
        "minipass": "^7.1.2",
        "minizlib": "^3.0.1",
        "mkdirp": "^3.0.1",
        "yallist": "^5.0.0"
      },
      "engines": {
        "node": ">=18"
      }
    },
    "node_modules/tinyglobby": {
      "version": "0.2.15",
      "dev": true,
      "license": "MIT",
      "dependencies": {
        "fdir": "^6.5.0",
        "picomatch": "^4.0.3"
      },
      "engines": {
        "node": ">=12.0.0"
      },
      "funding": {
        "url": "https://github.com/sponsors/SuperchupuDev"
      }
    },
    "node_modules/tinyglobby/node_modules/picomatch": {
      "version": "4.0.3",
      "dev": true,
      "license": "MIT",
      "engines": {
        "node": ">=12"
      },
      "funding": {
        "url": "https://github.com/sponsors/jonschlinkert"
      }
    },
    "node_modules/to-regex-range": {
      "version": "5.0.1",
      "dev": true,
      "license": "MIT",
      "dependencies": {
        "is-number": "^7.0.0"
      },
      "engines": {
        "node": ">=8.0"
      }
    },
    "node_modules/tsconfck": {
      "version": "3.1.6",
      "dev": true,
      "license": "MIT",
      "bin": {
        "tsconfck": "bin/tsconfck.js"
      },
      "engines": {
        "node": "^18 || >=20"
      },
      "peerDependencies": {
        "typescript": "^5.0.0"
      },
      "peerDependenciesMeta": {
        "typescript": {
          "optional": true
        }
      }
    },
    "node_modules/typescript": {
      "version": "5.4.5",
      "dev": true,
      "license": "Apache-2.0",
      "bin": {
        "tsc": "bin/tsc",
        "tsserver": "bin/tsserver"
      },
      "engines": {
        "node": ">=14.17"
      }
    },
    "node_modules/undici-types": {
      "version": "7.12.0",
      "dev": true,
      "license": "MIT"
    },
    "node_modules/universalify": {
      "version": "0.1.2",
      "dev": true,
      "license": "MIT",
      "engines": {
        "node": ">= 4.0.0"
      }
    },
    "node_modules/vite": {
      "version": "7.1.6",
      "dev": true,
      "license": "MIT",
      "dependencies": {
        "esbuild": "^0.25.0",
        "fdir": "^6.5.0",
        "picomatch": "^4.0.3",
        "postcss": "^8.5.6",
        "rollup": "^4.43.0",
        "tinyglobby": "^0.2.15"
      },
      "bin": {
        "vite": "bin/vite.js"
      },
      "engines": {
        "node": "^20.19.0 || >=22.12.0"
      },
      "funding": {
        "url": "https://github.com/vitejs/vite?sponsor=1"
      },
      "optionalDependencies": {
        "fsevents": "~2.3.3"
      },
      "peerDependencies": {
        "@types/node": "^20.19.0 || >=22.12.0",
        "jiti": ">=1.21.0",
        "less": "^4.0.0",
        "lightningcss": "^1.21.0",
        "sass": "^1.70.0",
        "sass-embedded": "^1.70.0",
        "stylus": ">=0.54.8",
        "sugarss": "^5.0.0",
        "terser": "^5.16.0",
        "tsx": "^4.8.1",
        "yaml": "^2.4.2"
      },
      "peerDependenciesMeta": {
        "@types/node": {
          "optional": true
        },
        "jiti": {
          "optional": true
        },
        "less": {
          "optional": true
        },
        "lightningcss": {
          "optional": true
        },
        "sass": {
          "optional": true
        },
        "sass-embedded": {
          "optional": true
        },
        "stylus": {
          "optional": true
        },
        "sugarss": {
          "optional": true
        },
        "terser": {
          "optional": true
        },
        "tsx": {
          "optional": true
        },
        "yaml": {
          "optional": true
        }
      }
    },
    "node_modules/vite-tsconfig-paths": {
      "version": "5.1.4",
      "dev": true,
      "license": "MIT",
      "dependencies": {
        "debug": "^4.1.1",
        "globrex": "^0.1.2",
        "tsconfck": "^3.0.3"
      },
      "peerDependencies": {
        "vite": "*"
      },
      "peerDependenciesMeta": {
        "vite": {
          "optional": true
        }
      }
    },
    "node_modules/vite/node_modules/picomatch": {
      "version": "4.0.3",
      "dev": true,
      "license": "MIT",
      "engines": {
        "node": ">=12"
      },
      "funding": {
        "url": "https://github.com/sponsors/jonschlinkert"
      }
    },
    "node_modules/which": {
      "version": "2.0.2",
      "dev": true,
      "license": "ISC",
      "dependencies": {
        "isexe": "^2.0.0"
      },
      "bin": {
        "node-which": "bin/node-which"
      },
      "engines": {
        "node": ">= 8"
      }
    },
    "node_modules/wrappy": {
      "version": "1.0.2",
      "dev": true,
      "license": "ISC"
    },
    "node_modules/yallist": {
      "version": "5.0.0",
      "dev": true,
      "license": "BlueOak-1.0.0",
      "engines": {
        "node": ">=18"
      }
    }
  }
}
