lockfileVersion: '9.0'

settings:
  autoInstallPeers: true
  excludeLinksFromLockfile: false

importers:

  .:
    dependencies:
      lexical:
        specifier: 0.31.0
        version: 0.31.0

packages:

  lexical@0.31.0:
    resolution: {integrity: sha512-g53KxlntpwBLYWE94pn66YmYq2VLsgs/nYfbtsnbEAur0CA8XXsipIM+yrSKN9YnUp43EiYe2Z12OennaMQ0Yg==}

snapshots:

  lexical@0.31.0: {}
