{
  "name": "@lexical/react-rich-example",
  "version": "0.36.1",
  "lockfileVersion": 3,
  "requires": true,
  "packages": {
    "": {
      "name": "@lexical/react-rich-example",
      "version": "0.36.1",
      "dependencies": {
        "@lexical/react": "0.36.1",
        "lexical": "0.36.1",
        "react": "^19.1.1",
        "react-dom": "^19.1.1"
      },
      "devDependencies": {
        "@types/react": "^19.1.12",
        "@types/react-dom": "^19.1.9",
        "@vitejs/plugin-react": "^5.0.2",
        "cross-env": "^7.0.3",
        "typescript": "^5.9.2",
        "vite": "^7.1.4"
      }
    },
    "node_modules/@babel/code-frame": {
      "version": "7.27.1",
      "dev": true,
      "license": "MIT",
      "dependencies": {
        "@babel/helper-validator-identifier": "^7.27.1",
        "js-tokens": "^4.0.0",
        "picocolors": "^1.1.1"
      },
      "engines": {
        "node": ">=6.9.0"
      }
    },
    "node_modules/@babel/compat-data": {
      "version": "7.28.4",
      "dev": true,
      "license": "MIT",
      "engines": {
        "node": ">=6.9.0"
      }
    },
    "node_modules/@babel/core": {
      "version": "7.28.4",
      "dev": true,
      "license": "MIT",
      "dependencies": {
        "@babel/code-frame": "^7.27.1",
        "@babel/generator": "^7.28.3",
        "@babel/helper-compilation-targets": "^7.27.2",
        "@babel/helper-module-transforms": "^7.28.3",
        "@babel/helpers": "^7.28.4",
        "@babel/parser": "^7.28.4",
        "@babel/template": "^7.27.2",
        "@babel/traverse": "^7.28.4",
        "@babel/types": "^7.28.4",
        "@jridgewell/remapping": "^2.3.5",
        "convert-source-map": "^2.0.0",
        "debug": "^4.1.0",
        "gensync": "^1.0.0-beta.2",
        "json5": "^2.2.3",
        "semver": "^6.3.1"
      },
      "engines": {
        "node": ">=6.9.0"
      },
      "funding": {
        "type": "opencollective",
        "url": "https://opencollective.com/babel"
      }
    },
    "node_modules/@babel/generator": {
      "version": "7.28.3",
      "dev": true,
      "license": "MIT",
      "dependencies": {
        "@babel/parser": "^7.28.3",
        "@babel/types": "^7.28.2",
        "@jridgewell/gen-mapping": "^0.3.12",
        "@jridgewell/trace-mapping": "^0.3.28",
        "jsesc": "^3.0.2"
      },
      "engines": {
        "node": ">=6.9.0"
      }
    },
    "node_modules/@babel/helper-compilation-targets": {
      "version": "7.27.2",
      "dev": true,
      "license": "MIT",
      "dependencies": {
        "@babel/compat-data": "^7.27.2",
        "@babel/helper-validator-option": "^7.27.1",
        "browserslist": "^4.24.0",
        "lru-cache": "^5.1.1",
        "semver": "^6.3.1"
      },
      "engines": {
        "node": ">=6.9.0"
      }
    },
    "node_modules/@babel/helper-globals": {
      "version": "7.28.0",
      "dev": true,
      "license": "MIT",
      "engines": {
        "node": ">=6.9.0"
      }
    },
    "node_modules/@babel/helper-module-imports": {
      "version": "7.27.1",
      "dev": true,
      "license": "MIT",
      "dependencies": {
        "@babel/traverse": "^7.27.1",
        "@babel/types": "^7.27.1"
      },
      "engines": {
        "node": ">=6.9.0"
      }
    },
    "node_modules/@babel/helper-module-transforms": {
      "version": "7.28.3",
      "dev": true,
      "license": "MIT",
      "dependencies": {
        "@babel/helper-module-imports": "^7.27.1",
        "@babel/helper-validator-identifier": "^7.27.1",
        "@babel/traverse": "^7.28.3"
      },
      "engines": {
        "node": ">=6.9.0"
      },
      "peerDependencies": {
        "@babel/core": "^7.0.0"
      }
    },
    "node_modules/@babel/helper-plugin-utils": {
      "version": "7.27.1",
      "dev": true,
      "license": "MIT",
      "engines": {
        "node": ">=6.9.0"
      }
    },
    "node_modules/@babel/helper-string-parser": {
      "version": "7.27.1",
      "dev": true,
      "license": "MIT",
      "engines": {
        "node": ">=6.9.0"
      }
    },
    "node_modules/@babel/helper-validator-identifier": {
      "version": "7.27.1",
      "dev": true,
      "license": "MIT",
      "engines": {
        "node": ">=6.9.0"
      }
    },
    "node_modules/@babel/helper-validator-option": {
      "version": "7.27.1",
      "dev": true,
      "license": "MIT",
      "engines": {
        "node": ">=6.9.0"
      }
    },
    "node_modules/@babel/helpers": {
      "version": "7.28.4",
      "dev": true,
      "license": "MIT",
      "dependencies": {
        "@babel/template": "^7.27.2",
        "@babel/types": "^7.28.4"
      },
      "engines": {
        "node": ">=6.9.0"
      }
    },
    "node_modules/@babel/parser": {
      "version": "7.28.4",
      "dev": true,
      "license": "MIT",
      "dependencies": {
        "@babel/types": "^7.28.4"
      },
      "bin": {
        "parser": "bin/babel-parser.js"
      },
      "engines": {
        "node": ">=6.0.0"
      }
    },
    "node_modules/@babel/plugin-transform-react-jsx-self": {
      "version": "7.27.1",
      "dev": true,
      "license": "MIT",
      "dependencies": {
        "@babel/helper-plugin-utils": "^7.27.1"
      },
      "engines": {
        "node": ">=6.9.0"
      },
      "peerDependencies": {
        "@babel/core": "^7.0.0-0"
      }
    },
    "node_modules/@babel/plugin-transform-react-jsx-source": {
      "version": "7.27.1",
      "dev": true,
      "license": "MIT",
      "dependencies": {
        "@babel/helper-plugin-utils": "^7.27.1"
      },
      "engines": {
        "node": ">=6.9.0"
      },
      "peerDependencies": {
        "@babel/core": "^7.0.0-0"
      }
    },
    "node_modules/@babel/runtime": {
      "version": "7.28.4",
      "license": "MIT",
      "engines": {
        "node": ">=6.9.0"
      }
    },
    "node_modules/@babel/template": {
      "version": "7.27.2",
      "dev": true,
      "license": "MIT",
      "dependencies": {
        "@babel/code-frame": "^7.27.1",
        "@babel/parser": "^7.27.2",
        "@babel/types": "^7.27.1"
      },
      "engines": {
        "node": ">=6.9.0"
      }
    },
    "node_modules/@babel/traverse": {
      "version": "7.28.4",
      "dev": true,
      "license": "MIT",
      "dependencies": {
        "@babel/code-frame": "^7.27.1",
        "@babel/generator": "^7.28.3",
        "@babel/helper-globals": "^7.28.0",
        "@babel/parser": "^7.28.4",
        "@babel/template": "^7.27.2",
        "@babel/types": "^7.28.4",
        "debug": "^4.3.1"
      },
      "engines": {
        "node": ">=6.9.0"
      }
    },
    "node_modules/@babel/types": {
      "version": "7.28.4",
      "dev": true,
      "license": "MIT",
      "dependencies": {
        "@babel/helper-string-parser": "^7.27.1",
        "@babel/helper-validator-identifier": "^7.27.1"
      },
      "engines": {
        "node": ">=6.9.0"
      }
    },
    "node_modules/@esbuild/darwin-arm64": {
      "version": "0.25.10",
      "cpu": [
        "arm64"
      ],
      "dev": true,
      "license": "MIT",
      "optional": true,
      "os": [
        "darwin"
      ],
      "engines": {
        "node": ">=18"
      }
    },
    "node_modules/@floating-ui/core": {
      "version": "1.7.3",
      "license": "MIT",
      "dependencies": {
        "@floating-ui/utils": "^0.2.10"
      }
    },
    "node_modules/@floating-ui/dom": {
      "version": "1.7.4",
      "license": "MIT",
      "dependencies": {
        "@floating-ui/core": "^1.7.3",
        "@floating-ui/utils": "^0.2.10"
      }
    },
    "node_modules/@floating-ui/react": {
      "version": "0.27.16",
      "license": "MIT",
      "dependencies": {
        "@floating-ui/react-dom": "^2.1.6",
        "@floating-ui/utils": "^0.2.10",
        "tabbable": "^6.0.0"
      },
      "peerDependencies": {
        "react": ">=17.0.0",
        "react-dom": ">=17.0.0"
      }
    },
    "node_modules/@floating-ui/react-dom": {
      "version": "2.1.6",
      "license": "MIT",
      "dependencies": {
        "@floating-ui/dom": "^1.7.4"
      },
      "peerDependencies": {
        "react": ">=16.8.0",
        "react-dom": ">=16.8.0"
      }
    },
    "node_modules/@floating-ui/utils": {
      "version": "0.2.10",
      "license": "MIT"
    },
    "node_modules/@jridgewell/gen-mapping": {
      "version": "0.3.13",
      "dev": true,
      "license": "MIT",
      "dependencies": {
        "@jridgewell/sourcemap-codec": "^1.5.0",
        "@jridgewell/trace-mapping": "^0.3.24"
      }
    },
    "node_modules/@jridgewell/remapping": {
      "version": "2.3.5",
      "dev": true,
      "license": "MIT",
      "dependencies": {
        "@jridgewell/gen-mapping": "^0.3.5",
        "@jridgewell/trace-mapping": "^0.3.24"
      }
    },
    "node_modules/@jridgewell/resolve-uri": {
      "version": "3.1.2",
      "dev": true,
      "license": "MIT",
      "engines": {
        "node": ">=6.0.0"
      }
    },
    "node_modules/@jridgewell/sourcemap-codec": {
      "version": "1.5.5",
      "dev": true,
      "license": "MIT"
    },
    "node_modules/@jridgewell/trace-mapping": {
      "version": "0.3.31",
      "dev": true,
      "license": "MIT",
      "dependencies": {
        "@jridgewell/resolve-uri": "^3.1.0",
        "@jridgewell/sourcemap-codec": "^1.4.14"
      }
    },
    "node_modules/@lexical/clipboard": {
      "version": "0.36.1",
      "resolved": "https://registry.npmjs.org/@lexical/clipboard/-/clipboard-0.36.1.tgz",
      "integrity": "sha512-qwOereYfHm1MgLu4Kq+nTsHwCoHtZE/PEMrs5k3lbsNk4SEZ8MLHI/Bx9TYijh24MnJhIoWdMLdAmhIaVs/IHg==",
      "license": "MIT",
      "dependencies": {
        "@lexical/html": "0.36.1",
        "@lexical/list": "0.36.1",
        "@lexical/selection": "0.36.1",
        "@lexical/utils": "0.36.1",
        "lexical": "0.36.1"
      }
    },
    "node_modules/@lexical/code": {
      "version": "0.36.1",
      "resolved": "https://registry.npmjs.org/@lexical/code/-/code-0.36.1.tgz",
      "integrity": "sha512-lybXf03xLGtzjYK5Wvpp8ZEdddbYzdnIE74+qXVVuN96XbpSHKkYqVkyIz1fAatEdrpdNXfqO8dZOyUS216wiA==",
      "license": "MIT",
      "dependencies": {
        "@lexical/utils": "0.36.1",
        "lexical": "0.36.1",
        "prismjs": "^1.30.0"
      }
    },
    "node_modules/@lexical/devtools-core": {
      "version": "0.36.1",
      "resolved": "https://registry.npmjs.org/@lexical/devtools-core/-/devtools-core-0.36.1.tgz",
      "integrity": "sha512-SRbYta2DZKZH+gCc0MaeqR/XLfbydbfMjwn7+XIUUTUE2BZEtYhKqN58kA9N50tJZF4jcHp7MzBIddCfQJqlOg==",
      "license": "MIT",
      "dependencies": {
        "@lexical/html": "0.36.1",
        "@lexical/link": "0.36.1",
        "@lexical/mark": "0.36.1",
        "@lexical/table": "0.36.1",
        "@lexical/utils": "0.36.1",
        "lexical": "0.36.1"
      },
      "peerDependencies": {
        "react": ">=17.x",
        "react-dom": ">=17.x"
      }
    },
    "node_modules/@lexical/dragon": {
      "version": "0.36.1",
      "resolved": "https://registry.npmjs.org/@lexical/dragon/-/dragon-0.36.1.tgz",
      "integrity": "sha512-XIG/GnAMPQJXB+HFfHE2H+3pCeXumbL+7WcNWG18U8v4K9Zosd815ub4Cy9QR6VqWqILP9prCi+RhCrdY3RY2Q==",
      "license": "MIT",
      "dependencies": {
        "@lexical/extension": "0.36.1",
        "lexical": "0.36.1"
      }
    },
    "node_modules/@lexical/extension": {
      "version": "0.36.1",
      "resolved": "https://registry.npmjs.org/@lexical/extension/-/extension-0.36.1.tgz",
      "integrity": "sha512-8QBYPda+tFpSkXZ6DFHk01gpqbri0Q8UvuivJfHsSBso6OVzub9q/7xg+0b7bezY9mjajAK8b5rqIQvhAsSlTg==",
      "license": "MIT",
      "dependencies": {
        "@lexical/utils": "0.36.1",
        "@preact/signals-core": "^1.11.0",
        "lexical": "0.36.1"
      }
    },
    "node_modules/@lexical/hashtag": {
      "version": "0.36.1",
      "resolved": "https://registry.npmjs.org/@lexical/hashtag/-/hashtag-0.36.1.tgz",
      "integrity": "sha512-Qr4WOVGSK/N5X2HQNTZsEI1p2O9S4RfFzeYJpMQJmvbmQlRg5qE5GZrtqH8VgaiD8Hp4ztYfCOUDCmu9gdw+AQ==",
      "license": "MIT",
      "dependencies": {
        "@lexical/text": "0.36.1",
        "@lexical/utils": "0.36.1",
        "lexical": "0.36.1"
      }
    },
    "node_modules/@lexical/history": {
      "version": "0.36.1",
      "resolved": "https://registry.npmjs.org/@lexical/history/-/history-0.36.1.tgz",
      "integrity": "sha512-3gUCS4tvhmRPkR5CLosIrLNmKIycOBFnHdek7e1Hpwh8dKPqMF2/NIBKS202ikSwnA/5mD2m6wbELmHBEdtXkg==",
      "license": "MIT",
      "dependencies": {
        "@lexical/extension": "0.36.1",
        "@lexical/utils": "0.36.1",
        "lexical": "0.36.1"
      }
    },
    "node_modules/@lexical/html": {
      "version": "0.36.1",
      "resolved": "https://registry.npmjs.org/@lexical/html/-/html-0.36.1.tgz",
      "integrity": "sha512-Uk83ot7033YRJmrnERgqg7Z0wT2T2VtCTcBYTdagLq3PGrka6B8eCBpj2ALmwAANU40Cy3JyL+p83m4bldObYA==",
      "license": "MIT",
      "dependencies": {
        "@lexical/selection": "0.36.1",
        "@lexical/utils": "0.36.1",
        "lexical": "0.36.1"
      }
    },
    "node_modules/@lexical/link": {
      "version": "0.36.1",
      "resolved": "https://registry.npmjs.org/@lexical/link/-/link-0.36.1.tgz",
      "integrity": "sha512-l9C4Vcm05eYeBk31oCmJBX4HX7mUSYrXW0v/5FNNabkoyA7m0HLYX7pR9truTl3E2IuWjHmeszkLMd0wKjVxyw==",
      "license": "MIT",
      "dependencies": {
        "@lexical/extension": "0.36.1",
        "@lexical/utils": "0.36.1",
        "lexical": "0.36.1"
      }
    },
    "node_modules/@lexical/list": {
      "version": "0.36.1",
      "resolved": "https://registry.npmjs.org/@lexical/list/-/list-0.36.1.tgz",
      "integrity": "sha512-7/9dxrAZyCU7CpEUhOxRIDjaYIjKVt4KJrZrd2BsgQKhruSH3pdB62kyObRVXMeq1ZJiOz+u43/1DUVHTqZJrw==",
      "license": "MIT",
      "dependencies": {
        "@lexical/extension": "0.36.1",
        "@lexical/selection": "0.36.1",
        "@lexical/utils": "0.36.1",
        "lexical": "0.36.1"
      }
    },
    "node_modules/@lexical/mark": {
      "version": "0.36.1",
      "resolved": "https://registry.npmjs.org/@lexical/mark/-/mark-0.36.1.tgz",
      "integrity": "sha512-PwwuNU1KvXtAmgFECUOdt9GYj6ncUs4TbmsjHHjVnBEGFJBITm7vJq7uGf89vDRgA5Bhb5iaVV2uK4pnk9c7VA==",
      "license": "MIT",
      "dependencies": {
        "@lexical/utils": "0.36.1",
        "lexical": "0.36.1"
      }
    },
    "node_modules/@lexical/markdown": {
      "version": "0.36.1",
      "resolved": "https://registry.npmjs.org/@lexical/markdown/-/markdown-0.36.1.tgz",
      "integrity": "sha512-Ue63kqdiUaWskICh50k3Da/4eANP7pJkKvnkw+qdyhIEMHR45w41ktnqfQViQQttOymBNEk6opTxbSgWFJu9hQ==",
      "license": "MIT",
      "dependencies": {
        "@lexical/code": "0.36.1",
        "@lexical/link": "0.36.1",
        "@lexical/list": "0.36.1",
        "@lexical/rich-text": "0.36.1",
        "@lexical/text": "0.36.1",
        "@lexical/utils": "0.36.1",
        "lexical": "0.36.1"
      }
    },
    "node_modules/@lexical/offset": {
      "version": "0.36.1",
      "resolved": "https://registry.npmjs.org/@lexical/offset/-/offset-0.36.1.tgz",
      "integrity": "sha512-4WZVcrME5+GGV7KenJCD1AavJZjKHBAiMUe6yuxOUr5z59V1MEp9Uthol+qeY/WV2/LWZPugrRaONrlFB+FfCg==",
      "license": "MIT",
      "dependencies": {
        "lexical": "0.36.1"
      }
    },
    "node_modules/@lexical/overflow": {
      "version": "0.36.1",
      "resolved": "https://registry.npmjs.org/@lexical/overflow/-/overflow-0.36.1.tgz",
      "integrity": "sha512-Brc3sHPMbH742HzojpJ8DXoEaZEBA3f66Opp4sUhb+B3jIPMgcqxkmP8fDjNrTMBXuWQgjrrgWXZudTHQdjwug==",
      "license": "MIT",
      "dependencies": {
        "lexical": "0.36.1"
      }
    },
    "node_modules/@lexical/plain-text": {
      "version": "0.36.1",
      "resolved": "https://registry.npmjs.org/@lexical/plain-text/-/plain-text-0.36.1.tgz",
      "integrity": "sha512-lCrVQOQ5+ZMff7+9f7B2TIYbkbkZAKbcA/J9HAoVAXh0eN5XKh1SIDWJvoWjAJK9v/xs2pbfS2YCczOEQOFuaA==",
      "license": "MIT",
      "dependencies": {
        "@lexical/clipboard": "0.36.1",
        "@lexical/dragon": "0.36.1",
        "@lexical/selection": "0.36.1",
        "@lexical/utils": "0.36.1",
        "lexical": "0.36.1"
      }
    },
    "node_modules/@lexical/react": {
      "version": "0.36.1",
      "resolved": "https://registry.npmjs.org/@lexical/react/-/react-0.36.1.tgz",
      "integrity": "sha512-+vgkGybbfFlgcYJMWp7tRjbWlsdbiOILJfj+VUpCgoqOEX7ouheIflaXwiNF16LPJAwSKiTfkXrRWhWHrF8fVA==",
      "license": "MIT",
      "dependencies": {
        "@floating-ui/react": "^0.27.16",
        "@lexical/devtools-core": "0.36.1",
        "@lexical/dragon": "0.36.1",
        "@lexical/extension": "0.36.1",
        "@lexical/hashtag": "0.36.1",
        "@lexical/history": "0.36.1",
        "@lexical/link": "0.36.1",
        "@lexical/list": "0.36.1",
        "@lexical/mark": "0.36.1",
        "@lexical/markdown": "0.36.1",
        "@lexical/overflow": "0.36.1",
        "@lexical/plain-text": "0.36.1",
        "@lexical/rich-text": "0.36.1",
        "@lexical/table": "0.36.1",
        "@lexical/text": "0.36.1",
        "@lexical/utils": "0.36.1",
        "@lexical/yjs": "0.36.1",
        "lexical": "0.36.1",
        "react-error-boundary": "^6.0.0"
      },
      "peerDependencies": {
        "react": ">=17.x",
        "react-dom": ">=17.x"
      }
    },
    "node_modules/@lexical/rich-text": {
      "version": "0.36.1",
      "resolved": "https://registry.npmjs.org/@lexical/rich-text/-/rich-text-0.36.1.tgz",
      "integrity": "sha512-XBTGecp60S0RdoHRYpEpwAoJFlXbd1Y4DSHdCCx2hzOIgMdlq/PE4RXXTPvqNWE7uIXFLNMkVFdlpdhcQSg8Eg==",
      "license": "MIT",
      "dependencies": {
        "@lexical/clipboard": "0.36.1",
        "@lexical/dragon": "0.36.1",
        "@lexical/selection": "0.36.1",
        "@lexical/utils": "0.36.1",
        "lexical": "0.36.1"
      }
    },
    "node_modules/@lexical/selection": {
      "version": "0.36.1",
      "resolved": "https://registry.npmjs.org/@lexical/selection/-/selection-0.36.1.tgz",
      "integrity": "sha512-wIZJsTneNhmB61BiOb0y6scgrS4GOiGUVoBQCpP++xfesh0Vife8Zq0oc7NaD0l0E6tvFW3CjMd8ITZ66Zg78A==",
      "license": "MIT",
      "dependencies": {
        "lexical": "0.36.1"
      }
    },
    "node_modules/@lexical/table": {
      "version": "0.36.1",
      "resolved": "https://registry.npmjs.org/@lexical/table/-/table-0.36.1.tgz",
      "integrity": "sha512-7+wP0249pk+TnbzhX459Txu0JA66PXQK7zGJJLBS1f6JXycYba0hfaBhGCsTKQMOXkgCSMkVyhA2pkbRrUP+Hg==",
      "license": "MIT",
      "dependencies": {
        "@lexical/clipboard": "0.36.1",
        "@lexical/extension": "0.36.1",
        "@lexical/utils": "0.36.1",
        "lexical": "0.36.1"
      }
    },
    "node_modules/@lexical/text": {
      "version": "0.36.1",
      "resolved": "https://registry.npmjs.org/@lexical/text/-/text-0.36.1.tgz",
      "integrity": "sha512-XboXh15srB1eHJ30x1D7sRH5NlW2GKWER8BpoLGJK9Q5j1QoS6gpL4EAEw6ID8NXgJhplKLtTYX/92JRDOSASg==",
      "license": "MIT",
      "dependencies": {
        "lexical": "0.36.1"
      }
    },
    "node_modules/@lexical/utils": {
      "version": "0.36.1",
      "resolved": "https://registry.npmjs.org/@lexical/utils/-/utils-0.36.1.tgz",
      "integrity": "sha512-Uv3Mr4cFktJKEcMb8NLMo1mhYzcpOkwu2oGEhsFeYgSnWSb1BrVYsDp2yfkWfI8gZzqXH1v9s82NW2Skg42RPQ==",
      "license": "MIT",
      "dependencies": {
        "@lexical/list": "0.36.1",
        "@lexical/selection": "0.36.1",
        "@lexical/table": "0.36.1",
        "lexical": "0.36.1"
      }
    },
    "node_modules/@lexical/yjs": {
      "version": "0.36.1",
      "resolved": "https://registry.npmjs.org/@lexical/yjs/-/yjs-0.36.1.tgz",
      "integrity": "sha512-qBqIN/WJHmU739zjH/IczBMpzJ8u2uXvrPpG1bbH2zqnY3kd6nL96NHL96P9cTlE+u4XWgHugVxnki3yjnUNMg==",
      "license": "MIT",
      "dependencies": {
        "@lexical/offset": "0.36.1",
        "@lexical/selection": "0.36.1",
        "lexical": "0.36.1"
      },
      "peerDependencies": {
        "yjs": ">=13.5.22"
      }
    },
    "node_modules/@preact/signals-core": {
      "version": "1.12.1",
      "resolved": "https://registry.npmjs.org/@preact/signals-core/-/signals-core-1.12.1.tgz",
      "integrity": "sha512-BwbTXpj+9QutoZLQvbttRg5x3l5468qaV2kufh+51yha1c53ep5dY4kTuZR35+3pAZxpfQerGJiQqg34ZNZ6uA==",
      "license": "MIT",
      "funding": {
        "type": "opencollective",
        "url": "https://opencollective.com/preact"
      }
    },
    "node_modules/@rolldown/pluginutils": {
      "version": "1.0.0-beta.35",
      "dev": true,
      "license": "MIT"
    },
    "node_modules/@rollup/rollup-darwin-arm64": {
      "version": "4.52.0",
      "cpu": [
        "arm64"
      ],
      "dev": true,
      "license": "MIT",
      "optional": true,
      "os": [
        "darwin"
      ]
    },
    "node_modules/@types/babel__core": {
      "version": "7.20.5",
      "dev": true,
      "license": "MIT",
      "dependencies": {
        "@babel/parser": "^7.20.7",
        "@babel/types": "^7.20.7",
        "@types/babel__generator": "*",
        "@types/babel__template": "*",
        "@types/babel__traverse": "*"
      }
    },
    "node_modules/@types/babel__generator": {
      "version": "7.27.0",
      "dev": true,
      "license": "MIT",
      "dependencies": {
        "@babel/types": "^7.0.0"
      }
    },
    "node_modules/@types/babel__template": {
      "version": "7.4.4",
      "dev": true,
      "license": "MIT",
      "dependencies": {
        "@babel/parser": "^7.1.0",
        "@babel/types": "^7.0.0"
      }
    },
    "node_modules/@types/babel__traverse": {
      "version": "7.28.0",
      "dev": true,
      "license": "MIT",
      "dependencies": {
        "@babel/types": "^7.28.2"
      }
    },
    "node_modules/@types/estree": {
      "version": "1.0.8",
      "dev": true,
      "license": "MIT"
    },
    "node_modules/@types/react": {
      "version": "19.1.13",
      "dev": true,
      "license": "MIT",
      "dependencies": {
        "csstype": "^3.0.2"
      }
    },
    "node_modules/@types/react-dom": {
      "version": "19.1.9",
      "dev": true,
      "license": "MIT",
      "peerDependencies": {
        "@types/react": "^19.0.0"
      }
    },
    "node_modules/@vitejs/plugin-react": {
      "version": "5.0.3",
      "dev": true,
      "license": "MIT",
      "dependencies": {
        "@babel/core": "^7.28.4",
        "@babel/plugin-transform-react-jsx-self": "^7.27.1",
        "@babel/plugin-transform-react-jsx-source": "^7.27.1",
        "@rolldown/pluginutils": "1.0.0-beta.35",
        "@types/babel__core": "^7.20.5",
        "react-refresh": "^0.17.0"
      },
      "engines": {
        "node": "^20.19.0 || >=22.12.0"
      },
      "peerDependencies": {
        "vite": "^4.2.0 || ^5.0.0 || ^6.0.0 || ^7.0.0"
      }
    },
    "node_modules/baseline-browser-mapping": {
      "version": "2.8.6",
      "dev": true,
      "license": "Apache-2.0",
      "bin": {
        "baseline-browser-mapping": "dist/cli.js"
      }
    },
    "node_modules/browserslist": {
      "version": "4.26.2",
      "dev": true,
      "funding": [
        {
          "type": "opencollective",
          "url": "https://opencollective.com/browserslist"
        },
        {
          "type": "tidelift",
          "url": "https://tidelift.com/funding/github/npm/browserslist"
        },
        {
          "type": "github",
          "url": "https://github.com/sponsors/ai"
        }
      ],
      "license": "MIT",
      "dependencies": {
        "baseline-browser-mapping": "^2.8.3",
        "caniuse-lite": "^1.0.30001741",
        "electron-to-chromium": "^1.5.218",
        "node-releases": "^2.0.21",
        "update-browserslist-db": "^1.1.3"
      },
      "bin": {
        "browserslist": "cli.js"
      },
      "engines": {
        "node": "^6 || ^7 || ^8 || ^9 || ^10 || ^11 || ^12 || >=13.7"
      }
    },
    "node_modules/caniuse-lite": {
      "version": "1.0.30001743",
      "dev": true,
      "funding": [
        {
          "type": "opencollective",
          "url": "https://opencollective.com/browserslist"
        },
        {
          "type": "tidelift",
          "url": "https://tidelift.com/funding/github/npm/caniuse-lite"
        },
        {
          "type": "github",
          "url": "https://github.com/sponsors/ai"
        }
      ],
      "license": "CC-BY-4.0"
    },
    "node_modules/convert-source-map": {
      "version": "2.0.0",
      "dev": true,
      "license": "MIT"
    },
    "node_modules/cross-env": {
      "version": "7.0.3",
      "dev": true,
      "license": "MIT",
      "dependencies": {
        "cross-spawn": "^7.0.1"
      },
      "bin": {
        "cross-env": "src/bin/cross-env.js",
        "cross-env-shell": "src/bin/cross-env-shell.js"
      },
      "engines": {
        "node": ">=10.14",
        "npm": ">=6",
        "yarn": ">=1"
      }
    },
    "node_modules/cross-spawn": {
      "version": "7.0.6",
      "dev": true,
      "license": "MIT",
      "dependencies": {
        "path-key": "^3.1.0",
        "shebang-command": "^2.0.0",
        "which": "^2.0.1"
      },
      "engines": {
        "node": ">= 8"
      }
    },
    "node_modules/csstype": {
      "version": "3.1.3",
      "dev": true,
      "license": "MIT"
    },
    "node_modules/debug": {
      "version": "4.4.3",
      "dev": true,
      "license": "MIT",
      "dependencies": {
        "ms": "^2.1.3"
      },
      "engines": {
        "node": ">=6.0"
      },
      "peerDependenciesMeta": {
        "supports-color": {
          "optional": true
        }
      }
    },
    "node_modules/electron-to-chromium": {
      "version": "1.5.222",
      "dev": true,
      "license": "ISC"
    },
    "node_modules/esbuild": {
      "version": "0.25.10",
      "dev": true,
      "hasInstallScript": true,
      "license": "MIT",
      "bin": {
        "esbuild": "bin/esbuild"
      },
      "engines": {
        "node": ">=18"
      },
      "optionalDependencies": {
        "@esbuild/aix-ppc64": "0.25.10",
        "@esbuild/android-arm": "0.25.10",
        "@esbuild/android-arm64": "0.25.10",
        "@esbuild/android-x64": "0.25.10",
        "@esbuild/darwin-arm64": "0.25.10",
        "@esbuild/darwin-x64": "0.25.10",
        "@esbuild/freebsd-arm64": "0.25.10",
        "@esbuild/freebsd-x64": "0.25.10",
        "@esbuild/linux-arm": "0.25.10",
        "@esbuild/linux-arm64": "0.25.10",
        "@esbuild/linux-ia32": "0.25.10",
        "@esbuild/linux-loong64": "0.25.10",
        "@esbuild/linux-mips64el": "0.25.10",
        "@esbuild/linux-ppc64": "0.25.10",
        "@esbuild/linux-riscv64": "0.25.10",
        "@esbuild/linux-s390x": "0.25.10",
        "@esbuild/linux-x64": "0.25.10",
        "@esbuild/netbsd-arm64": "0.25.10",
        "@esbuild/netbsd-x64": "0.25.10",
        "@esbuild/openbsd-arm64": "0.25.10",
        "@esbuild/openbsd-x64": "0.25.10",
        "@esbuild/openharmony-arm64": "0.25.10",
        "@esbuild/sunos-x64": "0.25.10",
        "@esbuild/win32-arm64": "0.25.10",
        "@esbuild/win32-ia32": "0.25.10",
        "@esbuild/win32-x64": "0.25.10"
      }
    },
    "node_modules/escalade": {
      "version": "3.2.0",
      "dev": true,
      "license": "MIT",
      "engines": {
        "node": ">=6"
      }
    },
    "node_modules/fdir": {
      "version": "6.5.0",
      "dev": true,
      "license": "MIT",
      "engines": {
        "node": ">=12.0.0"
      },
      "peerDependencies": {
        "picomatch": "^3 || ^4"
      },
      "peerDependenciesMeta": {
        "picomatch": {
          "optional": true
        }
      }
    },
    "node_modules/gensync": {
      "version": "1.0.0-beta.2",
      "dev": true,
      "license": "MIT",
      "engines": {
        "node": ">=6.9.0"
      }
    },
    "node_modules/isexe": {
      "version": "2.0.0",
      "dev": true,
      "license": "ISC"
    },
    "node_modules/js-tokens": {
      "version": "4.0.0",
      "dev": true,
      "license": "MIT"
    },
    "node_modules/jsesc": {
      "version": "3.1.0",
      "dev": true,
      "license": "MIT",
      "bin": {
        "jsesc": "bin/jsesc"
      },
      "engines": {
        "node": ">=6"
      }
    },
    "node_modules/json5": {
      "version": "2.2.3",
      "dev": true,
      "license": "MIT",
      "bin": {
        "json5": "lib/cli.js"
      },
      "engines": {
        "node": ">=6"
      }
    },
    "node_modules/lexical": {
      "version": "0.36.1",
      "resolved": "https://registry.npmjs.org/lexical/-/lexical-0.36.1.tgz",
      "integrity": "sha512-VD/rxRp40IvaKGgD+AfWAEPzovm7RTEp++j0P96iaBgiUAq8tDdW3GvPwA5pLk83aQZ5IV10jzEIvzAJkLw+pA==",
      "license": "MIT"
    },
    "node_modules/lru-cache": {
      "version": "5.1.1",
      "dev": true,
      "license": "ISC",
      "dependencies": {
        "yallist": "^3.0.2"
      }
    },
    "node_modules/ms": {
      "version": "2.1.3",
      "dev": true,
      "license": "MIT"
    },
    "node_modules/nanoid": {
      "version": "3.3.11",
      "dev": true,
      "funding": [
        {
          "type": "github",
          "url": "https://github.com/sponsors/ai"
        }
      ],
      "license": "MIT",
      "bin": {
        "nanoid": "bin/nanoid.cjs"
      },
      "engines": {
        "node": "^10 || ^12 || ^13.7 || ^14 || >=15.0.1"
      }
    },
    "node_modules/node-releases": {
      "version": "2.0.21",
      "dev": true,
      "license": "MIT"
    },
    "node_modules/path-key": {
      "version": "3.1.1",
      "dev": true,
      "license": "MIT",
      "engines": {
        "node": ">=8"
      }
    },
    "node_modules/picocolors": {
      "version": "1.1.1",
      "dev": true,
      "license": "ISC"
    },
    "node_modules/picomatch": {
      "version": "4.0.3",
      "dev": true,
      "license": "MIT",
      "engines": {
        "node": ">=12"
      },
      "funding": {
        "url": "https://github.com/sponsors/jonschlinkert"
      }
    },
    "node_modules/postcss": {
      "version": "8.5.6",
      "dev": true,
      "funding": [
        {
          "type": "opencollective",
          "url": "https://opencollective.com/postcss/"
        },
        {
          "type": "tidelift",
          "url": "https://tidelift.com/funding/github/npm/postcss"
        },
        {
          "type": "github",
          "url": "https://github.com/sponsors/ai"
        }
      ],
      "license": "MIT",
      "dependencies": {
        "nanoid": "^3.3.11",
        "picocolors": "^1.1.1",
        "source-map-js": "^1.2.1"
      },
      "engines": {
        "node": "^10 || ^12 || >=14"
      }
    },
    "node_modules/prismjs": {
      "version": "1.30.0",
      "resolved": "https://registry.npmjs.org/prismjs/-/prismjs-1.30.0.tgz",
      "integrity": "sha512-DEvV2ZF2r2/63V+tK8hQvrR2ZGn10srHbXviTlcv7Kpzw8jWiNTqbVgjO3IY8RxrrOUF8VPMQQFysYYYv0YZxw==",
      "license": "MIT",
      "engines": {
        "node": ">=6"
      }
    },
    "node_modules/react": {
      "version": "19.1.1",
      "license": "MIT",
      "engines": {
        "node": ">=0.10.0"
      }
    },
    "node_modules/react-dom": {
      "version": "19.1.1",
      "license": "MIT",
      "dependencies": {
        "scheduler": "^0.26.0"
      },
      "peerDependencies": {
        "react": "^19.1.1"
      }
    },
    "node_modules/react-error-boundary": {
      "version": "6.0.0",
      "license": "MIT",
      "dependencies": {
        "@babel/runtime": "^7.12.5"
      },
      "peerDependencies": {
        "react": ">=16.13.1"
      }
    },
    "node_modules/react-refresh": {
      "version": "0.17.0",
      "dev": true,
      "license": "MIT",
      "engines": {
        "node": ">=0.10.0"
      }
    },
    "node_modules/rollup": {
      "version": "4.52.0",
      "dev": true,
      "license": "MIT",
      "dependencies": {
        "@types/estree": "1.0.8"
      },
      "bin": {
        "rollup": "dist/bin/rollup"
      },
      "engines": {
        "node": ">=18.0.0",
        "npm": ">=8.0.0"
      },
      "optionalDependencies": {
        "@rollup/rollup-android-arm-eabi": "4.52.0",
        "@rollup/rollup-android-arm64": "4.52.0",
        "@rollup/rollup-darwin-arm64": "4.52.0",
        "@rollup/rollup-darwin-x64": "4.52.0",
        "@rollup/rollup-freebsd-arm64": "4.52.0",
        "@rollup/rollup-freebsd-x64": "4.52.0",
        "@rollup/rollup-linux-arm-gnueabihf": "4.52.0",
        "@rollup/rollup-linux-arm-musleabihf": "4.52.0",
        "@rollup/rollup-linux-arm64-gnu": "4.52.0",
        "@rollup/rollup-linux-arm64-musl": "4.52.0",
        "@rollup/rollup-linux-loong64-gnu": "4.52.0",
        "@rollup/rollup-linux-ppc64-gnu": "4.52.0",
        "@rollup/rollup-linux-riscv64-gnu": "4.52.0",
        "@rollup/rollup-linux-riscv64-musl": "4.52.0",
        "@rollup/rollup-linux-s390x-gnu": "4.52.0",
        "@rollup/rollup-linux-x64-gnu": "4.52.0",
        "@rollup/rollup-linux-x64-musl": "4.52.0",
        "@rollup/rollup-openharmony-arm64": "4.52.0",
        "@rollup/rollup-win32-arm64-msvc": "4.52.0",
        "@rollup/rollup-win32-ia32-msvc": "4.52.0",
        "@rollup/rollup-win32-x64-gnu": "4.52.0",
        "@rollup/rollup-win32-x64-msvc": "4.52.0",
        "fsevents": "~2.3.2"
      }
    },
    "node_modules/scheduler": {
      "version": "0.26.0",
      "license": "MIT"
    },
    "node_modules/semver": {
      "version": "6.3.1",
      "dev": true,
      "license": "ISC",
      "bin": {
        "semver": "bin/semver.js"
      }
    },
    "node_modules/shebang-command": {
      "version": "2.0.0",
      "dev": true,
      "license": "MIT",
      "dependencies": {
        "shebang-regex": "^3.0.0"
      },
      "engines": {
        "node": ">=8"
      }
    },
    "node_modules/shebang-regex": {
      "version": "3.0.0",
      "dev": true,
      "license": "MIT",
      "engines": {
        "node": ">=8"
      }
    },
    "node_modules/source-map-js": {
      "version": "1.2.1",
      "dev": true,
      "license": "BSD-3-Clause",
      "engines": {
        "node": ">=0.10.0"
      }
    },
    "node_modules/tabbable": {
      "version": "6.2.0",
      "license": "MIT"
    },
    "node_modules/tinyglobby": {
      "version": "0.2.15",
      "dev": true,
      "license": "MIT",
      "dependencies": {
        "fdir": "^6.5.0",
        "picomatch": "^4.0.3"
      },
      "engines": {
        "node": ">=12.0.0"
      },
      "funding": {
        "url": "https://github.com/sponsors/SuperchupuDev"
      }
    },
    "node_modules/typescript": {
      "version": "5.9.2",
      "dev": true,
      "license": "Apache-2.0",
      "bin": {
        "tsc": "bin/tsc",
        "tsserver": "bin/tsserver"
      },
      "engines": {
        "node": ">=14.17"
      }
    },
    "node_modules/update-browserslist-db": {
      "version": "1.1.3",
      "dev": true,
      "funding": [
        {
          "type": "opencollective",
          "url": "https://opencollective.com/browserslist"
        },
        {
          "type": "tidelift",
          "url": "https://tidelift.com/funding/github/npm/browserslist"
        },
        {
          "type": "github",
          "url": "https://github.com/sponsors/ai"
        }
      ],
      "license": "MIT",
      "dependencies": {
        "escalade": "^3.2.0",
        "picocolors": "^1.1.1"
      },
      "bin": {
        "update-browserslist-db": "cli.js"
      },
      "peerDependencies": {
        "browserslist": ">= 4.21.0"
      }
    },
    "node_modules/vite": {
      "version": "7.1.6",
      "dev": true,
      "license": "MIT",
      "dependencies": {
        "esbuild": "^0.25.0",
        "fdir": "^6.5.0",
        "picomatch": "^4.0.3",
        "postcss": "^8.5.6",
        "rollup": "^4.43.0",
        "tinyglobby": "^0.2.15"
      },
      "bin": {
        "vite": "bin/vite.js"
      },
      "engines": {
        "node": "^20.19.0 || >=22.12.0"
      },
      "funding": {
        "url": "https://github.com/vitejs/vite?sponsor=1"
      },
      "optionalDependencies": {
        "fsevents": "~2.3.3"
      },
      "peerDependencies": {
        "@types/node": "^20.19.0 || >=22.12.0",
        "jiti": ">=1.21.0",
        "less": "^4.0.0",
        "lightningcss": "^1.21.0",
        "sass": "^1.70.0",
        "sass-embedded": "^1.70.0",
        "stylus": ">=0.54.8",
        "sugarss": "^5.0.0",
        "terser": "^5.16.0",
        "tsx": "^4.8.1",
        "yaml": "^2.4.2"
      },
      "peerDependenciesMeta": {
        "@types/node": {
          "optional": true
        },
        "jiti": {
          "optional": true
        },
        "less": {
          "optional": true
        },
        "lightningcss": {
          "optional": true
        },
        "sass": {
          "optional": true
        },
        "sass-embedded": {
          "optional": true
        },
        "stylus": {
          "optional": true
        },
        "sugarss": {
          "optional": true
        },
        "terser": {
          "optional": true
        },
        "tsx": {
          "optional": true
        },
        "yaml": {
          "optional": true
        }
      }
    },
    "node_modules/which": {
      "version": "2.0.2",
      "dev": true,
      "license": "ISC",
      "dependencies": {
        "isexe": "^2.0.0"
      },
      "bin": {
        "node-which": "bin/node-which"
      },
      "engines": {
        "node": ">= 8"
      }
    },
    "node_modules/yallist": {
      "version": "3.1.1",
      "dev": true,
      "license": "ISC"
    }
  }
}
