lockfileVersion: '9.0'

settings:
  autoInstallPeers: true
  excludeLinksFromLockfile: false

importers:

  .:
    dependencies:
      '@lexical/html':
        specifier: 0.31.0
        version: 0.31.0
      '@lexical/link':
        specifier: 0.31.0
        version: 0.31.0
      '@lexical/mark':
        specifier: 0.31.0
        version: 0.31.0
      '@lexical/table':
        specifier: 0.31.0
        version: 0.31.0
      '@lexical/utils':
        specifier: 0.31.0
        version: 0.31.0
      lexical:
        specifier: 0.31.0
        version: 0.31.0
      react:
        specifier: '>=17.x'
        version: 19.1.0
      react-dom:
        specifier: '>=17.x'
        version: 19.1.0(react@19.1.0)

packages:

  '@lexical/clipboard@0.31.0':
    resolution: {integrity: sha512-oOZgDnzD68uZMy99H1dx6Le/uJNxmvXgbHb2Qp6Zrej7OUnCV/X9kzVSgLqWKytgrjsyUjTLjRhkQgwLhu61sA==}

  '@lexical/html@0.31.0':
    resolution: {integrity: sha512-iOY1Y2GhAmpP5kl1tMGqpV0CeNtpyjr8TJCvWDjUAXEb1tNFC5y6AoV7AyFnHzcy78JfzIHZAPgb72mpzFZFPA==}

  '@lexical/link@0.31.0':
    resolution: {integrity: sha512-hSAG1k5Nj/FxxhtVFsKSAIFs6lk1JWKJhIyHBXEVrCi6l2vqNbpfoRSXp5aa7U4lX3hXtZF08lxW2hzh16lZCw==}

  '@lexical/list@0.31.0':
    resolution: {integrity: sha512-2OFnAWmvnFYixFynw+cTwZzoAGwgQogCvy2grVxlwxGnoLsFdiNDqD9+OM9WloorYWnJJE/U3ljKY/96AHTAag==}

  '@lexical/mark@0.31.0':
    resolution: {integrity: sha512-Zb6P4yDP5o04FUTD38fls5no+szujrkwxCjKVuAP5eweFoHzH52kSrI4SpBTOBJXcxdH5XHXdFTFthgX+L3uuQ==}

  '@lexical/selection@0.31.0':
    resolution: {integrity: sha512-NgYqGi3wwk2ti2I7C3eiXpaOFHnVd/JB3NRh8vLlQe+v+sO5dYfqBC2nAo9bN9K6McrMrOGOD62teoH3+KfnzQ==}

  '@lexical/table@0.31.0':
    resolution: {integrity: sha512-QLwC3uQlRQpEI+iDNvljtXizMCBiU8PKMhoScq8UXjHlVwgACp7p814v3oCnu+RyxLEmFRXUZ+0CRRIc3gfQ1w==}

  '@lexical/utils@0.31.0':
    resolution: {integrity: sha512-ry+2IGsPx1uwWeXXZk5U7IiSgYBuOGM4ipLXlJnwOdX39/7Uribfc4yMH+dT0baV0VRzyM3nc+SzXpu34asWNA==}

  lexical@0.31.0:
    resolution: {integrity: sha512-g53KxlntpwBLYWE94pn66YmYq2VLsgs/nYfbtsnbEAur0CA8XXsipIM+yrSKN9YnUp43EiYe2Z12OennaMQ0Yg==}

  react-dom@19.1.0:
    resolution: {integrity: sha512-Xs1hdnE+DyKgeHJeJznQmYMIBG3TKIHJJT95Q58nHLSrElKlGQqDTR2HQ9fx5CN/Gk6Vh/kupBTDLU11/nDk/g==}
    peerDependencies:
      react: ^19.1.0

  react@19.1.0:
    resolution: {integrity: sha512-FS+XFBNvn3GTAWq26joslQgWNoFu08F4kl0J4CgdNKADkdSGXQyTCnKteIAJy96Br6YbpEU1LSzV5dYtjMkMDg==}
    engines: {node: '>=0.10.0'}

  scheduler@0.26.0:
    resolution: {integrity: sha512-NlHwttCI/l5gCPR3D1nNXtWABUmBwvZpEQiD4IXSbIDq8BzLIK/7Ir5gTFSGZDUu37K5cMNp0hFtzO38sC7gWA==}

snapshots:

  '@lexical/clipboard@0.31.0':
    dependencies:
      '@lexical/html': 0.31.0
      '@lexical/list': 0.31.0
      '@lexical/selection': 0.31.0
      '@lexical/utils': 0.31.0
      lexical: 0.31.0

  '@lexical/html@0.31.0':
    dependencies:
      '@lexical/selection': 0.31.0
      '@lexical/utils': 0.31.0
      lexical: 0.31.0

  '@lexical/link@0.31.0':
    dependencies:
      '@lexical/utils': 0.31.0
      lexical: 0.31.0

  '@lexical/list@0.31.0':
    dependencies:
      '@lexical/selection': 0.31.0
      '@lexical/utils': 0.31.0
      lexical: 0.31.0

  '@lexical/mark@0.31.0':
    dependencies:
      '@lexical/utils': 0.31.0
      lexical: 0.31.0

  '@lexical/selection@0.31.0':
    dependencies:
      lexical: 0.31.0

  '@lexical/table@0.31.0':
    dependencies:
      '@lexical/clipboard': 0.31.0
      '@lexical/utils': 0.31.0
      lexical: 0.31.0

  '@lexical/utils@0.31.0':
    dependencies:
      '@lexical/list': 0.31.0
      '@lexical/selection': 0.31.0
      '@lexical/table': 0.31.0
      lexical: 0.31.0

  lexical@0.31.0: {}

  react-dom@19.1.0(react@19.1.0):
    dependencies:
      react: 19.1.0
      scheduler: 0.26.0

  react@19.1.0: {}

  scheduler@0.26.0: {}
